{
  "version": 4,
  "terraform_version": "1.1.7",
  "serial": 32,
  "lineage": "c1db106f-21f0-0894-b760-c68a0a8bcc0d",
  "outputs": {},
  "resources": [
    {
      "mode": "data",
      "type": "azurerm_public_ip",
      "name": "ip-aula",
      "provider": "provider[\"registry.terraform.io/hashicorp/azurerm\"]",
      "instances": [
        {
          "schema_version": 0,
          "attributes": {
            "allocation_method": "Static",
            "domain_name_label": "",
            "fqdn": "",
            "id": "/subscriptions/8c4828cb-5e58-45e5-a6d0-b76d88dfa779/resourceGroups/aulainfracloudterraform/providers/Microsoft.Network/publicIPAddresses/ip-aula",
            "idle_timeout_in_minutes": 4,
            "ip_address": "20.123.202.206",
            "ip_tags": {},
            "ip_version": "IPv4",
            "location": "westeurope",
            "name": "ip-aula",
            "resource_group_name": "aulainfracloudterraform",
            "reverse_fqdn": "",
            "sku": "Basic",
            "tags": {
              "environment": "Production"
            },
            "timeouts": null,
            "zones": []
          },
          "sensitive_attributes": []
        }
      ]
    },
    {
      "mode": "managed",
      "type": "azurerm_network_interface",
      "name": "nic-aulainfra",
      "provider": "provider[\"registry.terraform.io/hashicorp/azurerm\"]",
      "instances": [
        {
          "schema_version": 0,
          "attributes": {
            "applied_dns_servers": [],
            "dns_servers": [],
            "edge_zone": "",
            "enable_accelerated_networking": false,
            "enable_ip_forwarding": false,
            "id": "/subscriptions/8c4828cb-5e58-45e5-a6d0-b76d88dfa779/resourceGroups/aulainfracloudterraform/providers/Microsoft.Network/networkInterfaces/nic-aula",
            "internal_dns_name_label": "",
            "internal_domain_name_suffix": "ucpmu3juvlretecx4fe1abepog.ax.internal.cloudapp.net",
            "ip_configuration": [
              {
                "gateway_load_balancer_frontend_ip_configuration_id": "",
                "name": "ip-aula-nic",
                "primary": true,
                "private_ip_address": "10.0.1.4",
                "private_ip_address_allocation": "Dynamic",
                "private_ip_address_version": "IPv4",
                "public_ip_address_id": "/subscriptions/8c4828cb-5e58-45e5-a6d0-b76d88dfa779/resourceGroups/aulainfracloudterraform/providers/Microsoft.Network/publicIPAddresses/ip-aula",
                "subnet_id": "/subscriptions/8c4828cb-5e58-45e5-a6d0-b76d88dfa779/resourceGroups/aulainfracloudterraform/providers/Microsoft.Network/virtualNetworks/vnet-aula/subnets/sub-aula"
              }
            ],
            "location": "westeurope",
            "mac_address": "00-0D-3A-C2-8A-67",
            "name": "nic-aula",
            "private_ip_address": "10.0.1.4",
            "private_ip_addresses": [
              "10.0.1.4"
            ],
            "resource_group_name": "aulainfracloudterraform",
            "tags": {},
            "timeouts": null,
            "virtual_machine_id": "/subscriptions/8c4828cb-5e58-45e5-a6d0-b76d88dfa779/resourceGroups/aulainfracloudterraform/providers/Microsoft.Compute/virtualMachines/vm-aula"
          },
          "sensitive_attributes": [],
          "private": "eyJlMmJmYjczMC1lY2FhLTExZTYtOGY4OC0zNDM2M2JjN2M0YzAiOnsiY3JlYXRlIjoxODAwMDAwMDAwMDAwLCJkZWxldGUiOjE4MDAwMDAwMDAwMDAsInJlYWQiOjMwMDAwMDAwMDAwMCwidXBkYXRlIjoxODAwMDAwMDAwMDAwfX0=",
          "dependencies": [
            "azurerm_public_ip.ip-aulainfra",
            "azurerm_resource_group.rg-aulainfracloud",
            "azurerm_subnet.sub-aulainfra",
            "azurerm_virtual_network.vnet-aulainfra"
          ]
        }
      ]
    },
    {
      "mode": "managed",
      "type": "azurerm_network_interface_security_group_association",
      "name": "nic-nsg-aulainfra",
      "provider": "provider[\"registry.terraform.io/hashicorp/azurerm\"]",
      "instances": [
        {
          "schema_version": 0,
          "attributes": {
            "id": "/subscriptions/8c4828cb-5e58-45e5-a6d0-b76d88dfa779/resourceGroups/aulainfracloudterraform/providers/Microsoft.Network/networkInterfaces/nic-aula|/subscriptions/8c4828cb-5e58-45e5-a6d0-b76d88dfa779/resourceGroups/aulainfracloudterraform/providers/Microsoft.Network/networkSecurityGroups/nsg-aula",
            "network_interface_id": "/subscriptions/8c4828cb-5e58-45e5-a6d0-b76d88dfa779/resourceGroups/aulainfracloudterraform/providers/Microsoft.Network/networkInterfaces/nic-aula",
            "network_security_group_id": "/subscriptions/8c4828cb-5e58-45e5-a6d0-b76d88dfa779/resourceGroups/aulainfracloudterraform/providers/Microsoft.Network/networkSecurityGroups/nsg-aula",
            "timeouts": null
          },
          "sensitive_attributes": [],
          "private": "eyJlMmJmYjczMC1lY2FhLTExZTYtOGY4OC0zNDM2M2JjN2M0YzAiOnsiY3JlYXRlIjoxODAwMDAwMDAwMDAwLCJkZWxldGUiOjE4MDAwMDAwMDAwMDAsInJlYWQiOjMwMDAwMDAwMDAwMCwidXBkYXRlIjoxODAwMDAwMDAwMDAwfX0=",
          "dependencies": [
            "azurerm_network_interface.nic-aulainfra",
            "azurerm_network_security_group.nsg-aulainfra",
            "azurerm_public_ip.ip-aulainfra",
            "azurerm_resource_group.rg-aulainfracloud",
            "azurerm_subnet.sub-aulainfra",
            "azurerm_virtual_network.vnet-aulainfra"
          ]
        }
      ]
    },
    {
      "mode": "managed",
      "type": "azurerm_network_security_group",
      "name": "nsg-aulainfra",
      "provider": "provider[\"registry.terraform.io/hashicorp/azurerm\"]",
      "instances": [
        {
          "schema_version": 0,
          "attributes": {
            "id": "/subscriptions/8c4828cb-5e58-45e5-a6d0-b76d88dfa779/resourceGroups/aulainfracloudterraform/providers/Microsoft.Network/networkSecurityGroups/nsg-aula",
            "location": "westeurope",
            "name": "nsg-aula",
            "resource_group_name": "aulainfracloudterraform",
            "security_rule": [
              {
                "access": "Allow",
                "description": "",
                "destination_address_prefix": "*",
                "destination_address_prefixes": [],
                "destination_application_security_group_ids": [],
                "destination_port_range": "22",
                "destination_port_ranges": [],
                "direction": "Inbound",
                "name": "SSH",
                "priority": 1001,
                "protocol": "Tcp",
                "source_address_prefix": "*",
                "source_address_prefixes": [],
                "source_application_security_group_ids": [],
                "source_port_range": "*",
                "source_port_ranges": []
              },
              {
                "access": "Allow",
                "description": "",
                "destination_address_prefix": "*",
                "destination_address_prefixes": [],
                "destination_application_security_group_ids": [],
                "destination_port_range": "80",
                "destination_port_ranges": [],
                "direction": "Inbound",
                "name": "web",
                "priority": 1002,
                "protocol": "Tcp",
                "source_address_prefix": "*",
                "source_address_prefixes": [],
                "source_application_security_group_ids": [],
                "source_port_range": "*",
                "source_port_ranges": []
              }
            ],
            "tags": {
              "environment": "Production"
            },
            "timeouts": null
          },
          "sensitive_attributes": [],
          "private": "eyJlMmJmYjczMC1lY2FhLTExZTYtOGY4OC0zNDM2M2JjN2M0YzAiOnsiY3JlYXRlIjoxODAwMDAwMDAwMDAwLCJkZWxldGUiOjE4MDAwMDAwMDAwMDAsInJlYWQiOjMwMDAwMDAwMDAwMCwidXBkYXRlIjoxODAwMDAwMDAwMDAwfX0=",
          "dependencies": [
            "azurerm_resource_group.rg-aulainfracloud"
          ]
        }
      ]
    },
    {
      "mode": "managed",
      "type": "azurerm_public_ip",
      "name": "ip-aulainfra",
      "provider": "provider[\"registry.terraform.io/hashicorp/azurerm\"]",
      "instances": [
        {
          "schema_version": 0,
          "attributes": {
            "allocation_method": "Static",
            "domain_name_label": null,
            "edge_zone": "",
            "fqdn": null,
            "id": "/subscriptions/8c4828cb-5e58-45e5-a6d0-b76d88dfa779/resourceGroups/aulainfracloudterraform/providers/Microsoft.Network/publicIPAddresses/ip-aula",
            "idle_timeout_in_minutes": 4,
            "ip_address": "20.123.202.206",
            "ip_tags": {},
            "ip_version": "IPv4",
            "location": "westeurope",
            "name": "ip-aula",
            "public_ip_prefix_id": null,
            "resource_group_name": "aulainfracloudterraform",
            "reverse_fqdn": null,
            "sku": "Basic",
            "sku_tier": "Regional",
            "tags": {
              "environment": "Production"
            },
            "timeouts": null,
            "zones": []
          },
          "sensitive_attributes": [],
          "private": "eyJlMmJmYjczMC1lY2FhLTExZTYtOGY4OC0zNDM2M2JjN2M0YzAiOnsiY3JlYXRlIjoxODAwMDAwMDAwMDAwLCJkZWxldGUiOjE4MDAwMDAwMDAwMDAsInJlYWQiOjMwMDAwMDAwMDAwMCwidXBkYXRlIjoxODAwMDAwMDAwMDAwfX0=",
          "dependencies": [
            "azurerm_resource_group.rg-aulainfracloud"
          ]
        }
      ]
    },
    {
      "mode": "managed",
      "type": "azurerm_resource_group",
      "name": "rg-aulainfracloud",
      "provider": "provider[\"registry.terraform.io/hashicorp/azurerm\"]",
      "instances": [
        {
          "schema_version": 0,
          "attributes": {
            "id": "/subscriptions/8c4828cb-5e58-45e5-a6d0-b76d88dfa779/resourceGroups/aulainfracloudterraform",
            "location": "westeurope",
            "name": "aulainfracloudterraform",
            "tags": {},
            "timeouts": null
          },
          "sensitive_attributes": [],
          "private": "eyJlMmJmYjczMC1lY2FhLTExZTYtOGY4OC0zNDM2M2JjN2M0YzAiOnsiY3JlYXRlIjo1NDAwMDAwMDAwMDAwLCJkZWxldGUiOjU0MDAwMDAwMDAwMDAsInJlYWQiOjMwMDAwMDAwMDAwMCwidXBkYXRlIjo1NDAwMDAwMDAwMDAwfX0="
        }
      ]
    },
    {
      "mode": "managed",
      "type": "azurerm_subnet",
      "name": "sub-aulainfra",
      "provider": "provider[\"registry.terraform.io/hashicorp/azurerm\"]",
      "instances": [
        {
          "schema_version": 0,
          "attributes": {
            "address_prefixes": [
              "10.0.1.0/24"
            ],
            "delegation": [],
            "enforce_private_link_endpoint_network_policies": false,
            "enforce_private_link_service_network_policies": false,
            "id": "/subscriptions/8c4828cb-5e58-45e5-a6d0-b76d88dfa779/resourceGroups/aulainfracloudterraform/providers/Microsoft.Network/virtualNetworks/vnet-aula/subnets/sub-aula",
            "name": "sub-aula",
            "resource_group_name": "aulainfracloudterraform",
            "service_endpoint_policy_ids": [],
            "service_endpoints": [],
            "timeouts": null,
            "virtual_network_name": "vnet-aula"
          },
          "sensitive_attributes": [],
          "private": "eyJlMmJmYjczMC1lY2FhLTExZTYtOGY4OC0zNDM2M2JjN2M0YzAiOnsiY3JlYXRlIjoxODAwMDAwMDAwMDAwLCJkZWxldGUiOjE4MDAwMDAwMDAwMDAsInJlYWQiOjMwMDAwMDAwMDAwMCwidXBkYXRlIjoxODAwMDAwMDAwMDAwfX0=",
          "dependencies": [
            "azurerm_resource_group.rg-aulainfracloud",
            "azurerm_virtual_network.vnet-aulainfra"
          ]
        }
      ]
    },
    {
      "mode": "managed",
      "type": "azurerm_virtual_machine",
      "name": "vm-aulainfra",
      "provider": "provider[\"registry.terraform.io/hashicorp/azurerm\"]",
      "instances": [
        {
          "schema_version": 0,
          "attributes": {
            "additional_capabilities": [],
            "availability_set_id": null,
            "boot_diagnostics": [],
            "delete_data_disks_on_termination": false,
            "delete_os_disk_on_termination": false,
            "id": "/subscriptions/8c4828cb-5e58-45e5-a6d0-b76d88dfa779/resourceGroups/aulainfracloudterraform/providers/Microsoft.Compute/virtualMachines/vm-aula",
            "identity": [],
            "license_type": null,
            "location": "westeurope",
            "name": "vm-aula",
            "network_interface_ids": [
              "/subscriptions/8c4828cb-5e58-45e5-a6d0-b76d88dfa779/resourceGroups/aulainfracloudterraform/providers/Microsoft.Network/networkInterfaces/nic-aula"
            ],
            "os_profile": [
              {
                "admin_password": "",
                "admin_username": "testeadmin",
                "computer_name": "hostname",
                "custom_data": ""
              }
            ],
            "os_profile_linux_config": [
              {
                "disable_password_authentication": false,
                "ssh_keys": []
              }
            ],
            "os_profile_secrets": [],
            "os_profile_windows_config": [],
            "plan": [],
            "primary_network_interface_id": null,
            "proximity_placement_group_id": null,
            "resource_group_name": "aulainfracloudterraform",
            "storage_data_disk": [],
            "storage_image_reference": [
              {
                "id": "",
                "offer": "UbuntuServer",
                "publisher": "Canonical",
                "sku": "16.04-LTS",
                "version": "latest"
              }
            ],
            "storage_os_disk": [
              {
                "caching": "ReadWrite",
                "create_option": "FromImage",
                "disk_size_gb": 30,
                "image_uri": "",
                "managed_disk_id": "/subscriptions/8c4828cb-5e58-45e5-a6d0-b76d88dfa779/resourceGroups/aulainfracloudterraform/providers/Microsoft.Compute/disks/myosdisk1",
                "managed_disk_type": "Standard_LRS",
                "name": "myosdisk1",
                "os_type": "Linux",
                "vhd_uri": "",
                "write_accelerator_enabled": false
              }
            ],
            "tags": {
              "environment": "staging"
            },
            "timeouts": null,
            "vm_size": "Standard_DS1_v2",
            "zones": []
          },
          "sensitive_attributes": [
            [
              {
                "type": "get_attr",
                "value": "os_profile"
              }
            ]
          ],
          "private": "eyJlMmJmYjczMC1lY2FhLTExZTYtOGY4OC0zNDM2M2JjN2M0YzAiOnsiY3JlYXRlIjozNjAwMDAwMDAwMDAwLCJkZWxldGUiOjM2MDAwMDAwMDAwMDAsInJlYWQiOjMwMDAwMDAwMDAwMCwidXBkYXRlIjozNjAwMDAwMDAwMDAwfX0=",
          "dependencies": [
            "azurerm_network_interface.nic-aulainfra",
            "azurerm_resource_group.rg-aulainfracloud"
          ]
        }
      ]
    },
    {
      "mode": "managed",
      "type": "azurerm_virtual_network",
      "name": "vnet-aulainfra",
      "provider": "provider[\"registry.terraform.io/hashicorp/azurerm\"]",
      "instances": [
        {
          "schema_version": 0,
          "attributes": {
            "address_space": [
              "10.0.0.0/16"
            ],
            "bgp_community": "",
            "ddos_protection_plan": [],
            "dns_servers": [],
            "edge_zone": "",
            "flow_timeout_in_minutes": 0,
            "guid": "75ca9ea0-aa34-49e2-9057-f149b0048f76",
            "id": "/subscriptions/8c4828cb-5e58-45e5-a6d0-b76d88dfa779/resourceGroups/aulainfracloudterraform/providers/Microsoft.Network/virtualNetworks/vnet-aula",
            "location": "westeurope",
            "name": "vnet-aula",
            "resource_group_name": "aulainfracloudterraform",
            "subnet": [
              {
                "address_prefix": "10.0.1.0/24",
                "id": "/subscriptions/8c4828cb-5e58-45e5-a6d0-b76d88dfa779/resourceGroups/aulainfracloudterraform/providers/Microsoft.Network/virtualNetworks/vnet-aula/subnets/sub-aula",
                "name": "sub-aula",
                "security_group": ""
              }
            ],
            "tags": {
              "environment": "Production",
              "faculdade": "Impacta",
              "turma": "ES23"
            },
            "timeouts": null
          },
          "sensitive_attributes": [],
          "private": "eyJlMmJmYjczMC1lY2FhLTExZTYtOGY4OC0zNDM2M2JjN2M0YzAiOnsiY3JlYXRlIjoxODAwMDAwMDAwMDAwLCJkZWxldGUiOjE4MDAwMDAwMDAwMDAsInJlYWQiOjMwMDAwMDAwMDAwMCwidXBkYXRlIjoxODAwMDAwMDAwMDAwfX0=",
          "dependencies": [
            "azurerm_resource_group.rg-aulainfracloud"
          ]
        }
      ]
    },
    {
      "mode": "managed",
      "type": "null_resource",
      "name": "install-apache",
      "provider": "provider[\"registry.terraform.io/hashicorp/null\"]",
      "instances": [
        {
          "schema_version": 0,
          "attributes": {
            "id": "1627569815",
            "triggers": null
          },
          "sensitive_attributes": [],
          "private": "bnVsbA==",
          "dependencies": [
            "azurerm_network_interface.nic-aulainfra",
            "azurerm_public_ip.ip-aulainfra",
            "azurerm_resource_group.rg-aulainfracloud",
            "azurerm_subnet.sub-aulainfra",
            "azurerm_virtual_machine.vm-aulainfra",
            "azurerm_virtual_network.vnet-aulainfra",
            "data.azurerm_public_ip.ip-aula"
          ]
        }
      ]
    }
  ]
}
